
Microsoft Visual Studio Solution File, Format Version 12.00
# Visual Studio Version 17
VisualStudioVersion = 17.4.33110.190
MinimumVisualStudioVersion = 10.0.40219.1
Project("{FAE04EC0-301F-11D3-BF4B-00C04F79EFBC}") = "p65_72_Korabsky_Pavol", "p65_72_Korabsky_Pavol.csproj", "{016B6452-FC97-4926-AC29-406BE05410D1}"
EndProject
Global
	GlobalSection(SolutionConfigurationPlatforms) = preSolution
		Debug|Any CPU = Debug|Any CPU
		Release|Any CPU = Release|Any CPU
	EndGlobalSection
	GlobalSection(ProjectConfigurationPlatforms) = postSolution
		{016B6452-FC97-4926-AC29-406BE05410D1}.Debug|Any CPU.ActiveCfg = Debug|Any CPU
		{016B6452-FC97-4926-AC29-406BE05410D1}.Debug|Any CPU.Build.0 = Debug|Any CPU
		{016B6452-FC97-4926-AC29-406BE05410D1}.Release|Any CPU.ActiveCfg = Release|Any CPU
		{016B6452-FC97-4926-AC29-406BE05410D1}.Release|Any CPU.Build.0 = Release|Any CPU
	EndGlobalSection
	GlobalSection(SolutionProperties) = preSolution
		HideSolutionNode = FALSE
	EndGlobalSection
	GlobalSection(ExtensibilityGlobals) = postSolution
		SolutionGuid = {CBEDA15B-0F63-4164-B768-F4BF1212F300}
	EndGlobalSection
EndGlobal
